{
  "nodes": {
    "nixCats": {
      "locked": {
        "lastModified": 1777273601,
        "narHash": "sha256-xBUa8Tl9V7IXI+VmLEuDc81La/EhoSn1C3EVSnJ3cfU=",
        "owner": "BirdeeHub",
        "repo": "nixCats-nvim",
        "rev": "f69ea013e328841a7def7037ed59788a76be8816",
        "type": "github"
      },
      "original": {
        "owner": "BirdeeHub",
        "repo": "nixCats-nvim",
        "type": "github"
      }
    },
    "nixpkgs": {
      "locked": {
        "lastModified": 1784280462,
        "narHash": "sha256-DtoqIqM7VkR6NxAkcLpMwmi02USwWb3JdmNGLyhthc0=",
        "owner": "nixos",
        "repo": "nixpkgs",
        "rev": "293d6abedf0478e681a4dfcfcb35b30fc796a32f",
        "type": "github"
      },
      "original": {
        "owner": "nixos",
        "ref": "nixos-26.05",
        "repo": "nixpkgs",
        "type": "github"
      }
    },
    "plugins-diffview-plus": {
      "flake": false,
      "locked": {
        "lastModified": 1784124940,
        "narHash": "sha256-tsL0eeTE5F81GzrvvAx0SEH461AYE5H1OWL8PdokshE=",
        "owner": "dlyongemallo",
        "repo": "diffview-plus.nvim",
        "rev": "424b724e7699730b818466532f0ca42930313273",
        "type": "github"
      },
      "original": {
        "owner": "dlyongemallo",
        "repo": "diffview-plus.nvim",
        "type": "github"
      }
    },
    "plugins-mini-nvim": {
      "flake": false,
      "locked": {
        "lastModified": 1782040896,
        "narHash": "sha256-kCcyl4KUEY51UeGYmvuLD1hswWbwKhHGUt/0XLbPuUw=",
        "owner": "echasnovski",
        "repo": "mini.nvim",
        "rev": "1345d191bb3da9c7b0e977f4387c5761f9bff68d",
        "type": "github"
      },
      "original": {
        "owner": "echasnovski",
        "ref": "v0.18.0",
        "repo": "mini.nvim",
        "type": "github"
      }
    },
    "plugins-nvim-tmux-navigation": {
      "flake": false,
      "locked": {
        "lastModified": 1707171454,
        "narHash": "sha256-CxAgQSbOrg/SsQXupwCv8cyZXIB7tkWO+Y6FDtoR8xk=",
        "owner": "alexghergh",
        "repo": "nvim-tmux-navigation",
        "rev": "4898c98702954439233fdaf764c39636681e2861",
        "type": "github"
      },
      "original": {
        "owner": "alexghergh",
        "repo": "nvim-tmux-navigation",
        "type": "github"
      }
    },
    "root": {
      "inputs": {
        "nixCats": "nixCats",
        "nixpkgs": "nixpkgs",
        "plugins-diffview-plus": "plugins-diffview-plus",
        "plugins-mini-nvim": "plugins-mini-nvim",
        "plugins-nvim-tmux-navigation": "plugins-nvim-tmux-navigation"
      }
    }
  },
  "root": "root",
  "version": 7
}
